
Microsoft Visual Studio Solution File, Format Version 12.00
# Visual Studio Version 16
VisualStudioVersion = 16.0.28803.202
MinimumVisualStudioVersion = 10.0.40219.1
Project("{9A19103F-16F7-4668-BE54-9A1E7A4F7556}") = "DailyExpenses.Api", "DailyExspenses.Api\DailyExpenses.Api.csproj", "{7AFA3E54-DBF7-4F27-B7A1-A6550ECDCBFA}"
EndProject
Project("{9A19103F-16F7-4668-BE54-9A1E7A4F7556}") = "DailyExpenses.Domain", "DailyExpenses.Domain\DailyExpenses.Domain.csproj", "{D11CCE3A-0473-40A9-908A-BA0D36B70B8E}"
EndProject
Project("{9A19103F-16F7-4668-BE54-9A1E7A4F7556}") = "DailyExpenses.DataLayer", "DailyExpenses.DataLayer\DailyExpenses.DataLayer.csproj", "{9525FAEB-A139-487F-8595-A97076C035AC}"
EndProject
Project("{FAE04EC0-301F-11D3-BF4B-00C04F79EFBC}") = "Web-api-test", "Web-api-test\Web-api-test.csproj", "{7CD7B8D0-DCF0-41D5-B0AB-F15180C23131}"
EndProject
Global
	GlobalSection(SolutionConfigurationPlatforms) = preSolution
		Debug|Any CPU = Debug|Any CPU
		Release|Any CPU = Release|Any CPU
	EndGlobalSection
	GlobalSection(ProjectConfigurationPlatforms) = postSolution
		{7AFA3E54-DBF7-4F27-B7A1-A6550ECDCBFA}.Debug|Any CPU.ActiveCfg = Debug|Any CPU
		{7AFA3E54-DBF7-4F27-B7A1-A6550ECDCBFA}.Debug|Any CPU.Build.0 = Debug|Any CPU
		{7AFA3E54-DBF7-4F27-B7A1-A6550ECDCBFA}.Release|Any CPU.ActiveCfg = Release|Any CPU
		{7AFA3E54-DBF7-4F27-B7A1-A6550ECDCBFA}.Release|Any CPU.Build.0 = Release|Any CPU
		{D11CCE3A-0473-40A9-908A-BA0D36B70B8E}.Debug|Any CPU.ActiveCfg = Debug|Any CPU
		{D11CCE3A-0473-40A9-908A-BA0D36B70B8E}.Debug|Any CPU.Build.0 = Debug|Any CPU
		{D11CCE3A-0473-40A9-908A-BA0D36B70B8E}.Release|Any CPU.ActiveCfg = Release|Any CPU
		{D11CCE3A-0473-40A9-908A-BA0D36B70B8E}.Release|Any CPU.Build.0 = Release|Any CPU
		{9525FAEB-A139-487F-8595-A97076C035AC}.Debug|Any CPU.ActiveCfg = Debug|Any CPU
		{9525FAEB-A139-487F-8595-A97076C035AC}.Debug|Any CPU.Build.0 = Debug|Any CPU
		{9525FAEB-A139-487F-8595-A97076C035AC}.Release|Any CPU.ActiveCfg = Release|Any CPU
		{9525FAEB-A139-487F-8595-A97076C035AC}.Release|Any CPU.Build.0 = Release|Any CPU
		{7CD7B8D0-DCF0-41D5-B0AB-F15180C23131}.Debug|Any CPU.ActiveCfg = Debug|Any CPU
		{7CD7B8D0-DCF0-41D5-B0AB-F15180C23131}.Debug|Any CPU.Build.0 = Debug|Any CPU
		{7CD7B8D0-DCF0-41D5-B0AB-F15180C23131}.Release|Any CPU.ActiveCfg = Release|Any CPU
		{7CD7B8D0-DCF0-41D5-B0AB-F15180C23131}.Release|Any CPU.Build.0 = Release|Any CPU
	EndGlobalSection
	GlobalSection(SolutionProperties) = preSolution
		HideSolutionNode = FALSE
	EndGlobalSection
	GlobalSection(ExtensibilityGlobals) = postSolution
		SolutionGuid = {5C083CD1-BB2D-4C19-8A46-8FB08C3A10DB}
	EndGlobalSection
EndGlobal
